{
    "_readme": [
        "This file locks the dependencies of your project to a known state",
        "Read more about it at https://getcomposer.org/doc/01-basic-usage.md#installing-dependencies",
        "This file is @generated automatically"
    ],
    "content-hash": "0c2875f1f824866b345f0f523e3ae428",
    "packages": [
        {
            "name": "alrik11es/cowsayphp",
            "version": "1.2.0",
            "source": {
                "type": "git",
                "url": "https://github.com/alrik11es/cowsayphp.git",
                "reference": "080dc10c8f5420fef35163569293601f17124eeb"
            },
            "dist": {
                "type": "zip",
                "url": "https://api.github.com/repos/alrik11es/cowsayphp/zipball/080dc10c8f5420fef35163569293601f17124eeb",
                "reference": "080dc10c8f5420fef35163569293601f17124eeb",
                "shasum": ""
            },
            "require": {
                "php": ">=5.6.0"
            },
            "require-dev": {
                "phpunit/phpunit": "5.*",
                "scrutinizer/ocular": "~1.1"
            },
            "bin": [
                "bin/cowsayphp"
            ],
            "type": "library",
            "extra": {
                "branch-alias": {
                    "dev-master": "1.0-dev"
                }
            },
            "autoload": {
                "psr-4": {
                    "Cowsayphp\\": "src"
                }
            },
            "notification-url": "https://packagist.org/downloads/",
            "license": [
                "MIT"
            ],
            "authors": [
                {
                    "name": "Marcos Sigueros",
                    "email": "alrik11es@gmail.com",
                    "homepage": "https://github.com/alrik11es",
                    "role": "Developer"
                }
            ],
            "description": "Cowsay port in PHP",
            "homepage": "https://github.com/alrik11es/cowsayphp",
            "keywords": [
                "cowsay"
            ],
            "support": {
                "issues": "https://github.com/alrik11es/cowsayphp/issues",
                "source": "https://github.com/alrik11es/cowsayphp/tree/master"
            },
            "time": "2016-08-25T07:53:44+00:00"
        },
        {
            "name": "bramus/ansi-php",
            "version": "3.1",
            "source": {
                "type": "git",
                "url": "https://github.com/bramus/ansi-php.git",
                "reference": "f581b2fd322177e5fabd67af240811838c1c8fbc"
            },
            "dist": {
                "type": "zip",
                "url": "https://api.github.com/repos/bramus/ansi-php/zipball/f581b2fd322177e5fabd67af240811838c1c8fbc",
                "reference": "f581b2fd322177e5fabd67af240811838c1c8fbc",
                "shasum": ""
            },
            "require": {
                "php": ">=5.4.0"
            },
            "require-dev": {
                "phpunit/phpunit": "~4.0"
            },
            "type": "library",
            "autoload": {
                "psr-4": {
                    "Bramus\\Ansi\\": "src/"
                }
            },
            "notification-url": "https://packagist.org/downloads/",
            "license": [
                "MIT"
            ],
            "authors": [
                {
                    "name": "Bramus Van Damme",
                    "email": "bramus@bram.us",
                    "homepage": "https://www.bram.us/"
                }
            ],
            "description": "ANSI Control Functions and ANSI Control Sequences (Colors, Erasing, etc.) for PHP CLI Apps",
            "support": {
                "issues": "https://github.com/bramus/ansi-php/issues",
                "source": "https://github.com/bramus/ansi-php/tree/3.1"
            },
            "time": "2021-10-28T10:45:05+00:00"
        },
        {
            "name": "bramus/monolog-colored-line-formatter",
            "version": "3.1.2",
            "source": {
                "type": "git",
                "url": "https://github.com/bramus/monolog-colored-line-formatter.git",
                "reference": "1ce52a13d5accdc425fb912f9b96c84f6be2ea72"
            },
            "dist": {
                "type": "zip",
                "url": "https://api.github.com/repos/bramus/monolog-colored-line-formatter/zipball/1ce52a13d5accdc425fb912f9b96c84f6be2ea72",
                "reference": "1ce52a13d5accdc425fb912f9b96c84f6be2ea72",
                "shasum": ""
            },
            "require": {
                "bramus/ansi-php": "^3.0.3",
                "monolog/monolog": "~3.0",
                "php": "^8.1"
            },
            "require-dev": {
                "phpunit/phpunit": "~9.6"
            },
            "type": "library",
            "autoload": {
                "psr-4": {
                    "Bramus\\Monolog\\": "src/"
                }
            },
            "notification-url": "https://packagist.org/downloads/",
            "license": [
                "MIT"
            ],
            "authors": [
                {
                    "name": "Bramus Van Damme",
                    "email": "bramus@bram.us",
                    "homepage": "https://www.bram.us/"
                }
            ],
            "description": "Colored Line Formatter for Monolog",
            "support": {
                "issues": "https://github.com/bramus/monolog-colored-line-formatter/issues",
                "source": "https://github.com/bramus/monolog-colored-line-formatter/tree/3.1.2"
            },
            "funding": [
                {
                    "url": "https://github.com/bramus",
                    "type": "github"
                }
            ],
            "time": "2023-08-18T13:44:29+00:00"
        },
        {
            "name": "monolog/monolog",
            "version": "3.6.0",
            "source": {
                "type": "git",
                "url": "https://github.com/Seldaek/monolog.git",
                "reference": "4b18b21a5527a3d5ffdac2fd35d3ab25a9597654"
            },
            "dist": {
                "type": "zip",
                "url": "https://api.github.com/repos/Seldaek/monolog/zipball/4b18b21a5527a3d5ffdac2fd35d3ab25a9597654",
                "reference": "4b18b21a5527a3d5ffdac2fd35d3ab25a9597654",
                "shasum": ""
            },
            "require": {
                "php": ">=8.1",
                "psr/log": "^2.0 || ^3.0"
            },
            "provide": {
                "psr/log-implementation": "3.0.0"
            },
            "require-dev": {
                "aws/aws-sdk-php": "^3.0",
                "doctrine/couchdb": "~1.0@dev",
                "elasticsearch/elasticsearch": "^7 || ^8",
                "ext-json": "*",
                "graylog2/gelf-php": "^1.4.2 || ^2.0",
                "guzzlehttp/guzzle": "^7.4.5",
                "guzzlehttp/psr7": "^2.2",
                "mongodb/mongodb": "^1.8",
                "php-amqplib/php-amqplib": "~2.4 || ^3",
                "phpstan/phpstan": "^1.9",
                "phpstan/phpstan-deprecation-rules": "^1.0",
                "phpstan/phpstan-strict-rules": "^1.4",
                "phpunit/phpunit": "^10.5.17",
                "predis/predis": "^1.1 || ^2",
                "ruflin/elastica": "^7",
                "symfony/mailer": "^5.4 || ^6",
                "symfony/mime": "^5.4 || ^6"
            },
            "suggest": {
                "aws/aws-sdk-php": "Allow sending log messages to AWS services like DynamoDB",
                "doctrine/couchdb": "Allow sending log messages to a CouchDB server",
                "elasticsearch/elasticsearch": "Allow sending log messages to an Elasticsearch server via official client",
                "ext-amqp": "Allow sending log messages to an AMQP server (1.0+ required)",
                "ext-curl": "Required to send log messages using the IFTTTHandler, the LogglyHandler, the SendGridHandler, the SlackWebhookHandler or the TelegramBotHandler",
                "ext-mbstring": "Allow to work properly with unicode symbols",
                "ext-mongodb": "Allow sending log messages to a MongoDB server (via driver)",
                "ext-openssl": "Required to send log messages using SSL",
                "ext-sockets": "Allow sending log messages to a Syslog server (via UDP driver)",
                "graylog2/gelf-php": "Allow sending log messages to a GrayLog2 server",
                "mongodb/mongodb": "Allow sending log messages to a MongoDB server (via library)",
                "php-amqplib/php-amqplib": "Allow sending log messages to an AMQP server using php-amqplib",
                "rollbar/rollbar": "Allow sending log messages to Rollbar",
                "ruflin/elastica": "Allow sending log messages to an Elastic Search server"
            },
            "type": "library",
            "extra": {
                "branch-alias": {
                    "dev-main": "3.x-dev"
                }
            },
            "autoload": {
                "psr-4": {
                    "Monolog\\": "src/Monolog"
                }
            },
            "notification-url": "https://packagist.org/downloads/",
            "license": [
                "MIT"
            ],
            "authors": [
                {
                    "name": "Jordi Boggiano",
                    "email": "j.boggiano@seld.be",
                    "homepage": "https://seld.be"
                }
            ],
            "description": "Sends your logs to files, sockets, inboxes, databases and various web services",
            "homepage": "https://github.com/Seldaek/monolog",
            "keywords": [
                "log",
                "logging",
                "psr-3"
            ],
            "support": {
                "issues": "https://github.com/Seldaek/monolog/issues",
                "source": "https://github.com/Seldaek/monolog/tree/3.6.0"
            },
            "funding": [
                {
                    "url": "https://github.com/Seldaek",
                    "type": "github"
                },
                {
                    "url": "https://tidelift.com/funding/github/packagist/monolog/monolog",
                    "type": "tidelift"
                }
            ],
            "time": "2024-04-12T21:02:21+00:00"
        },
        {
            "name": "psr/log",
            "version": "3.0.0",
            "source": {
                "type": "git",
                "url": "https://github.com/php-fig/log.git",
                "reference": "fe5ea303b0887d5caefd3d431c3e61ad47037001"
            },
            "dist": {
                "type": "zip",
                "url": "https://api.github.com/repos/php-fig/log/zipball/fe5ea303b0887d5caefd3d431c3e61ad47037001",
                "reference": "fe5ea303b0887d5caefd3d431c3e61ad47037001",
                "shasum": ""
            },
            "require": {
                "php": ">=8.0.0"
            },
            "type": "library",
            "extra": {
                "branch-alias": {
                    "dev-master": "3.x-dev"
                }
            },
            "autoload": {
                "psr-4": {
                    "Psr\\Log\\": "src"
                }
            },
            "notification-url": "https://packagist.org/downloads/",
            "license": [
                "MIT"
            ],
            "authors": [
                {
                    "name": "PHP-FIG",
                    "homepage": "https://www.php-fig.org/"
                }
            ],
            "description": "Common interface for logging libraries",
            "homepage": "https://github.com/php-fig/log",
            "keywords": [
                "log",
                "psr",
                "psr-3"
            ],
            "support": {
                "source": "https://github.com/php-fig/log/tree/3.0.0"
            },
            "time": "2021-07-14T16:46:02+00:00"
        },
        {
            "name": "symfony/polyfill-mbstring",
            "version": "v1.29.0",
            "source": {
                "type": "git",
                "url": "https://github.com/symfony/polyfill-mbstring.git",
                "reference": "9773676c8a1bb1f8d4340a62efe641cf76eda7ec"
            },
            "dist": {
                "type": "zip",
                "url": "https://api.github.com/repos/symfony/polyfill-mbstring/zipball/9773676c8a1bb1f8d4340a62efe641cf76eda7ec",
                "reference": "9773676c8a1bb1f8d4340a62efe641cf76eda7ec",
                "shasum": ""
            },
            "require": {
                "php": ">=7.1"
            },
            "provide": {
                "ext-mbstring": "*"
            },
            "suggest": {
                "ext-mbstring": "For best performance"
            },
            "type": "library",
            "extra": {
                "thanks": {
                    "name": "symfony/polyfill",
                    "url": "https://github.com/symfony/polyfill"
                }
            },
            "autoload": {
                "files": [
                    "bootstrap.php"
                ],
                "psr-4": {
                    "Symfony\\Polyfill\\Mbstring\\": ""
                }
            },
            "notification-url": "https://packagist.org/downloads/",
            "license": [
                "MIT"
            ],
            "authors": [
                {
                    "name": "Nicolas Grekas",
                    "email": "p@tchwork.com"
                },
                {
                    "name": "Symfony Community",
                    "homepage": "https://symfony.com/contributors"
                }
            ],
            "description": "Symfony polyfill for the Mbstring extension",
            "homepage": "https://symfony.com",
            "keywords": [
                "compatibility",
                "mbstring",
                "polyfill",
                "portable",
                "shim"
            ],
            "support": {
                "source": "https://github.com/symfony/polyfill-mbstring/tree/v1.29.0"
            },
            "funding": [
                {
                    "url": "https://symfony.com/sponsor",
                    "type": "custom"
                },
                {
                    "url": "https://github.com/fabpot",
                    "type": "github"
                },
                {
                    "url": "https://tidelift.com/funding/github/packagist/symfony/symfony",
                    "type": "tidelift"
                }
            ],
            "time": "2024-01-29T20:11:03+00:00"
        }
    ],
    "packages-dev": [],
    "aliases": [],
    "minimum-stability": "stable",
    "stability-flags": [],
    "prefer-stable": false,
    "prefer-lowest": false,
    "platform": {
        "php": "8.*",
        "ext-gmp": "*",
        "ext-intl": "*",
        "ext-mbstring": "*",
        "ext-redis": "*",
        "ext-sqlite3": "*",
        "ext-ldap": "*",
        "ext-imap": "*",
        "ext-pq": "*"
    },
    "platform-dev": [],
    "plugin-api-version": "2.6.0"
}
